
Microsoft Visual Studio Solution File, Format Version 12.00
# Visual Studio Version 16
VisualStudioVersion = 16.0.31911.196
MinimumVisualStudioVersion = 10.0.40219.1
Project("{FAE04EC0-301F-11D3-BF4B-00C04F79EFBC}") = "WPFbase1_Lesson7", "WPFbase1_Lesson7\WPFbase1_Lesson7.csproj", "{8F84C231-3509-4307-8C0C-381FF2053C72}"
EndProject
Global
	GlobalSection(SolutionConfigurationPlatforms) = preSolution
		Debug|Any CPU = Debug|Any CPU
		Release|Any CPU = Release|Any CPU
	EndGlobalSection
	GlobalSection(ProjectConfigurationPlatforms) = postSolution
		{8F84C231-3509-4307-8C0C-381FF2053C72}.Debug|Any CPU.ActiveCfg = Debug|Any CPU
		{8F84C231-3509-4307-8C0C-381FF2053C72}.Debug|Any CPU.Build.0 = Debug|Any CPU
		{8F84C231-3509-4307-8C0C-381FF2053C72}.Release|Any CPU.ActiveCfg = Release|Any CPU
		{8F84C231-3509-4307-8C0C-381FF2053C72}.Release|Any CPU.Build.0 = Release|Any CPU
	EndGlobalSection
	GlobalSection(SolutionProperties) = preSolution
		HideSolutionNode = FALSE
	EndGlobalSection
	GlobalSection(ExtensibilityGlobals) = postSolution
		SolutionGuid = {EF2B84E1-F73D-4D48-8C22-8015E348B111}
	EndGlobalSection
EndGlobal
